
Microsoft Visual Studio Solution File, Format Version 12.00
# Visual Studio Version 16
VisualStudioVersion = 16.0.29418.71
MinimumVisualStudioVersion = 10.0.40219.1
Project("{FAE04EC0-301F-11D3-BF4B-00C04F79EFBC}") = "BluetoothNordicConnect", "BluetoothNordicConnect\BluetoothNordicConnect.csproj", "{A3A6FA82-2A8F-4CC1-8668-C2F2460CF82F}"
EndProject
Global
	GlobalSection(SolutionConfigurationPlatforms) = preSolution
		Debug|Any CPU = Debug|Any CPU
		Release|Any CPU = Release|Any CPU
	EndGlobalSection
	GlobalSection(ProjectConfigurationPlatforms) = postSolution
		{A3A6FA82-2A8F-4CC1-8668-C2F2460CF82F}.Debug|Any CPU.ActiveCfg = Debug|Any CPU
		{A3A6FA82-2A8F-4CC1-8668-C2F2460CF82F}.Debug|Any CPU.Build.0 = Debug|Any CPU
		{A3A6FA82-2A8F-4CC1-8668-C2F2460CF82F}.Release|Any CPU.ActiveCfg = Release|Any CPU
		{A3A6FA82-2A8F-4CC1-8668-C2F2460CF82F}.Release|Any CPU.Build.0 = Release|Any CPU
	EndGlobalSection
	GlobalSection(SolutionProperties) = preSolution
		HideSolutionNode = FALSE
	EndGlobalSection
	GlobalSection(ExtensibilityGlobals) = postSolution
		SolutionGuid = {A9FF8784-CE18-421C-B8EA-F0587F8578BB}
	EndGlobalSection
EndGlobal
