
Microsoft Visual Studio Solution File, Format Version 12.00
# Visual Studio Version 16
VisualStudioVersion = 16.0.29418.71
MinimumVisualStudioVersion = 10.0.40219.1
Project("{FAE04EC0-301F-11D3-BF4B-00C04F79EFBC}") = "Variable og datatyper", "Variable og datatyper\Variable og datatyper.csproj", "{C38ADBFA-8326-4908-9050-0C7C6FB2873F}"
EndProject
Global
	GlobalSection(SolutionConfigurationPlatforms) = preSolution
		Debug|Any CPU = Debug|Any CPU
		Release|Any CPU = Release|Any CPU
	EndGlobalSection
	GlobalSection(ProjectConfigurationPlatforms) = postSolution
		{C38ADBFA-8326-4908-9050-0C7C6FB2873F}.Debug|Any CPU.ActiveCfg = Debug|Any CPU
		{C38ADBFA-8326-4908-9050-0C7C6FB2873F}.Debug|Any CPU.Build.0 = Debug|Any CPU
		{C38ADBFA-8326-4908-9050-0C7C6FB2873F}.Release|Any CPU.ActiveCfg = Release|Any CPU
		{C38ADBFA-8326-4908-9050-0C7C6FB2873F}.Release|Any CPU.Build.0 = Release|Any CPU
	EndGlobalSection
	GlobalSection(SolutionProperties) = preSolution
		HideSolutionNode = FALSE
	EndGlobalSection
	GlobalSection(ExtensibilityGlobals) = postSolution
		SolutionGuid = {DC2EA94C-399D-4C68-8EEC-4E5B075EEAF1}
	EndGlobalSection
EndGlobal
