
Microsoft Visual Studio Solution File, Format Version 12.00
# Visual Studio Version 16
VisualStudioVersion = 16.0.29709.97
MinimumVisualStudioVersion = 10.0.40219.1
Project("{FAE04EC0-301F-11D3-BF4B-00C04F79EFBC}") = "Porto", "Porto\Porto.csproj", "{E2BE52FA-C082-409C-966F-6BFB0FFE6AAB}"
EndProject
Global
	GlobalSection(SolutionConfigurationPlatforms) = preSolution
		Debug|Any CPU = Debug|Any CPU
		Release|Any CPU = Release|Any CPU
	EndGlobalSection
	GlobalSection(ProjectConfigurationPlatforms) = postSolution
		{E2BE52FA-C082-409C-966F-6BFB0FFE6AAB}.Debug|Any CPU.ActiveCfg = Debug|Any CPU
		{E2BE52FA-C082-409C-966F-6BFB0FFE6AAB}.Debug|Any CPU.Build.0 = Debug|Any CPU
		{E2BE52FA-C082-409C-966F-6BFB0FFE6AAB}.Release|Any CPU.ActiveCfg = Release|Any CPU
		{E2BE52FA-C082-409C-966F-6BFB0FFE6AAB}.Release|Any CPU.Build.0 = Release|Any CPU
	EndGlobalSection
	GlobalSection(SolutionProperties) = preSolution
		HideSolutionNode = FALSE
	EndGlobalSection
	GlobalSection(ExtensibilityGlobals) = postSolution
		SolutionGuid = {DA9F9A4A-8DA1-4CAE-ADB1-DCE0A51A485C}
	EndGlobalSection
EndGlobal
